
Microsoft Visual Studio Solution File, Format Version 12.00
# Visual Studio 15
VisualStudioVersion = 15.0.27428.2037
MinimumVisualStudioVersion = 10.0.40219.1
Project("{FAE04EC0-301F-11D3-BF4B-00C04F79EFBC}") = "VoiceRecognitionTest1", "VoiceRecognitionTest1\VoiceRecognitionTest1.csproj", "{E2469071-779C-47C6-8FA0-27E9C1EB0940}"
EndProject
Global
	GlobalSection(SolutionConfigurationPlatforms) = preSolution
		Debug|Any CPU = Debug|Any CPU
		Release|Any CPU = Release|Any CPU
	EndGlobalSection
	GlobalSection(ProjectConfigurationPlatforms) = postSolution
		{E2469071-779C-47C6-8FA0-27E9C1EB0940}.Debug|Any CPU.ActiveCfg = Debug|Any CPU
		{E2469071-779C-47C6-8FA0-27E9C1EB0940}.Debug|Any CPU.Build.0 = Debug|Any CPU
		{E2469071-779C-47C6-8FA0-27E9C1EB0940}.Release|Any CPU.ActiveCfg = Release|Any CPU
		{E2469071-779C-47C6-8FA0-27E9C1EB0940}.Release|Any CPU.Build.0 = Release|Any CPU
	EndGlobalSection
	GlobalSection(SolutionProperties) = preSolution
		HideSolutionNode = FALSE
	EndGlobalSection
	GlobalSection(ExtensibilityGlobals) = postSolution
		SolutionGuid = {B0D4BF3E-838C-41FC-A862-2FA97794C2E8}
	EndGlobalSection
EndGlobal
